
Microsoft Visual Studio Solution File, Format Version 12.00
# Visual Studio Version 17
VisualStudioVersion = 17.5.33502.453
MinimumVisualStudioVersion = 10.0.40219.1
Project("{FAE04EC0-301F-11D3-BF4B-00C04F79EFBC}") = "GitHubConsumer", "GitHubConsumer\GitHubConsumer.csproj", "{B2E2BF08-1269-4D46-B29C-CE6B7E0B3FB1}"
EndProject
Global
	GlobalSection(SolutionConfigurationPlatforms) = preSolution
		Debug|Any CPU = Debug|Any CPU
		Release|Any CPU = Release|Any CPU
	EndGlobalSection
	GlobalSection(ProjectConfigurationPlatforms) = postSolution
		{B2E2BF08-1269-4D46-B29C-CE6B7E0B3FB1}.Debug|Any CPU.ActiveCfg = Debug|Any CPU
		{B2E2BF08-1269-4D46-B29C-CE6B7E0B3FB1}.Debug|Any CPU.Build.0 = Debug|Any CPU
		{B2E2BF08-1269-4D46-B29C-CE6B7E0B3FB1}.Release|Any CPU.ActiveCfg = Release|Any CPU
		{B2E2BF08-1269-4D46-B29C-CE6B7E0B3FB1}.Release|Any CPU.Build.0 = Release|Any CPU
	EndGlobalSection
	GlobalSection(SolutionProperties) = preSolution
		HideSolutionNode = FALSE
	EndGlobalSection
	GlobalSection(ExtensibilityGlobals) = postSolution
		SolutionGuid = {9BF1FE43-5E2E-40A4-AD0A-87267AA4A07D}
	EndGlobalSection
EndGlobal
